
Microsoft Visual Studio Solution File, Format Version 12.00
# Visual Studio Version 17
VisualStudioVersion = 17.14.36414.22 d17.14
MinimumVisualStudioVersion = 10.0.40219.1
Project("{FAE04EC0-301F-11D3-BF4B-00C04F79EFBC}") = "PhamMinhDuc.SachOnline", "PhamMinhDuc.SachOnline\PhamMinhDuc.SachOnline.csproj", "{A66818DE-6D17-4365-BE62-79ADA3DEC332}"
EndProject
Global
	GlobalSection(SolutionConfigurationPlatforms) = preSolution
		Debug|Any CPU = Debug|Any CPU
		Release|Any CPU = Release|Any CPU
	EndGlobalSection
	GlobalSection(ProjectConfigurationPlatforms) = postSolution
		{A66818DE-6D17-4365-BE62-79ADA3DEC332}.Debug|Any CPU.ActiveCfg = Debug|Any CPU
		{A66818DE-6D17-4365-BE62-79ADA3DEC332}.Debug|Any CPU.Build.0 = Debug|Any CPU
		{A66818DE-6D17-4365-BE62-79ADA3DEC332}.Release|Any CPU.ActiveCfg = Release|Any CPU
		{A66818DE-6D17-4365-BE62-79ADA3DEC332}.Release|Any CPU.Build.0 = Release|Any CPU
	EndGlobalSection
	GlobalSection(SolutionProperties) = preSolution
		HideSolutionNode = FALSE
	EndGlobalSection
	GlobalSection(ExtensibilityGlobals) = postSolution
		SolutionGuid = {1AD809E9-F746-40A6-9F85-E7AAF23F1AD2}
	EndGlobalSection
EndGlobal
